
Microsoft Visual Studio Solution File, Format Version 12.00
# Visual Studio Version 16
VisualStudioVersion = 16.0.30717.126
MinimumVisualStudioVersion = 10.0.40219.1
Project("{2150E333-8FDC-42A3-9474-1A3956D46DE8}") = "Solution Items", "Solution Items", "{50B51580-9F09-41E2-BC78-DAD38C37B583}"
	ProjectSection(SolutionItems) = preProject
		.dockerignore = .dockerignore
		..\.gitignore = ..\.gitignore
		JobsJobsJobs\Directory.Build.props = JobsJobsJobs\Directory.Build.props
		Dockerfile = Dockerfile
	EndProjectSection
EndProject
Project("{2150E333-8FDC-42A3-9474-1A3956D46DE8}") = "JobsJobsJobs", "JobsJobsJobs", "{FA833B24-B8F6-4CE6-A044-99257EAC02FF}"
EndProject
Project("{F2A71F9B-5D33-465A-A702-920D77279786}") = "Domain", "JobsJobsJobs\Domain\JobsJobsJobs.Domain.fsproj", "{C81278DA-DA97-4E55-AB39-4B88565B615D}"
EndProject
Project("{F2A71F9B-5D33-465A-A702-920D77279786}") = "Api", "JobsJobsJobs\Server\JobsJobsJobs.Server.fsproj", "{8F5A3D1E-562B-4F27-9787-6CB14B35E69E}"
EndProject
Project("{F2A71F9B-5D33-465A-A702-920D77279786}") = "JobsJobsJobs.Data", "JobsJobsJobs\JobsJobsJobs.Data\JobsJobsJobs.Data.fsproj", "{30CC1E7C-A843-4DAC-9058-E7C6ACBCE85D}"
EndProject
Project("{F2A71F9B-5D33-465A-A702-920D77279786}") = "JobsJobsJobs.V3Migration", "JobsJobsJobs\JobsJobsJobs.V3Migration\JobsJobsJobs.V3Migration.fsproj", "{DC3E225D-9720-44E8-86AE-DEE71262C9F0}"
EndProject
Global
	GlobalSection(SolutionConfigurationPlatforms) = preSolution
		Debug|Any CPU = Debug|Any CPU
		Release|Any CPU = Release|Any CPU
	EndGlobalSection
	GlobalSection(ProjectConfigurationPlatforms) = postSolution
		{C81278DA-DA97-4E55-AB39-4B88565B615D}.Debug|Any CPU.ActiveCfg = Debug|Any CPU
		{C81278DA-DA97-4E55-AB39-4B88565B615D}.Debug|Any CPU.Build.0 = Debug|Any CPU
		{C81278DA-DA97-4E55-AB39-4B88565B615D}.Release|Any CPU.ActiveCfg = Release|Any CPU
		{C81278DA-DA97-4E55-AB39-4B88565B615D}.Release|Any CPU.Build.0 = Release|Any CPU
		{8F5A3D1E-562B-4F27-9787-6CB14B35E69E}.Debug|Any CPU.ActiveCfg = Debug|Any CPU
		{8F5A3D1E-562B-4F27-9787-6CB14B35E69E}.Debug|Any CPU.Build.0 = Debug|Any CPU
		{8F5A3D1E-562B-4F27-9787-6CB14B35E69E}.Release|Any CPU.ActiveCfg = Release|Any CPU
		{8F5A3D1E-562B-4F27-9787-6CB14B35E69E}.Release|Any CPU.Build.0 = Release|Any CPU
		{30CC1E7C-A843-4DAC-9058-E7C6ACBCE85D}.Debug|Any CPU.ActiveCfg = Debug|Any CPU
		{30CC1E7C-A843-4DAC-9058-E7C6ACBCE85D}.Debug|Any CPU.Build.0 = Debug|Any CPU
		{30CC1E7C-A843-4DAC-9058-E7C6ACBCE85D}.Release|Any CPU.ActiveCfg = Release|Any CPU
		{30CC1E7C-A843-4DAC-9058-E7C6ACBCE85D}.Release|Any CPU.Build.0 = Release|Any CPU
		{DC3E225D-9720-44E8-86AE-DEE71262C9F0}.Debug|Any CPU.ActiveCfg = Debug|Any CPU
		{DC3E225D-9720-44E8-86AE-DEE71262C9F0}.Debug|Any CPU.Build.0 = Debug|Any CPU
		{DC3E225D-9720-44E8-86AE-DEE71262C9F0}.Release|Any CPU.ActiveCfg = Release|Any CPU
		{DC3E225D-9720-44E8-86AE-DEE71262C9F0}.Release|Any CPU.Build.0 = Release|Any CPU
	EndGlobalSection
	GlobalSection(SolutionProperties) = preSolution
		HideSolutionNode = FALSE
	EndGlobalSection
	GlobalSection(ExtensibilityGlobals) = postSolution
		SolutionGuid = {5E9ECDBF-634E-43A9-8F89-625A2213831C}
	EndGlobalSection
	GlobalSection(NestedProjects) = preSolution
		{C81278DA-DA97-4E55-AB39-4B88565B615D} = {FA833B24-B8F6-4CE6-A044-99257EAC02FF}
		{8F5A3D1E-562B-4F27-9787-6CB14B35E69E} = {FA833B24-B8F6-4CE6-A044-99257EAC02FF}
		{30CC1E7C-A843-4DAC-9058-E7C6ACBCE85D} = {FA833B24-B8F6-4CE6-A044-99257EAC02FF}
		{DC3E225D-9720-44E8-86AE-DEE71262C9F0} = {FA833B24-B8F6-4CE6-A044-99257EAC02FF}
	EndGlobalSection
EndGlobal
